
Microsoft Visual Studio Solution File, Format Version 12.00
# Visual Studio Version 17
VisualStudioVersion = 17.3.32901.215
MinimumVisualStudioVersion = 10.0.40219.1
Project("{FAE04EC0-301F-11D3-BF4B-00C04F79EFBC}") = "API_IN_CENTRALIZER", "API_IN_CENTRALIZER\API_IN_CENTRALIZER.csproj", "{BDFF25DF-0ED8-44CE-BE4B-36C441FFDB18}"
EndProject
Global
	GlobalSection(SolutionConfigurationPlatforms) = preSolution
		Debug|Any CPU = Debug|Any CPU
		Release|Any CPU = Release|Any CPU
	EndGlobalSection
	GlobalSection(ProjectConfigurationPlatforms) = postSolution
		{BDFF25DF-0ED8-44CE-BE4B-36C441FFDB18}.Debug|Any CPU.ActiveCfg = Debug|Any CPU
		{BDFF25DF-0ED8-44CE-BE4B-36C441FFDB18}.Debug|Any CPU.Build.0 = Debug|Any CPU
		{BDFF25DF-0ED8-44CE-BE4B-36C441FFDB18}.Release|Any CPU.ActiveCfg = Release|Any CPU
		{BDFF25DF-0ED8-44CE-BE4B-36C441FFDB18}.Release|Any CPU.Build.0 = Release|Any CPU
	EndGlobalSection
	GlobalSection(SolutionProperties) = preSolution
		HideSolutionNode = FALSE
	EndGlobalSection
	GlobalSection(ExtensibilityGlobals) = postSolution
		SolutionGuid = {DB638EFD-93B6-4702-9018-1A7639E156DB}
	EndGlobalSection
EndGlobal
